// !$*UTF8*$!
{
	archiveVersion = 1;
	classes = {
	};
	objectVersion = 70;
	objects = {

/* Begin PBXBuildFile section */
		29D283DD1F8E47DF90BEAF36 /* SwiftOGG in Frameworks */ = {isa = PBXBuildFile; productRef = 69151C5FAB054AB894A93455 /* SwiftOGG */; };
		A10000000000000000000001 /* TDLibKit in Frameworks */ = {isa = PBXBuildFile; productRef = A1000000000000000000000B /* TDLibKit */; };
		B3000000000000000000000C /* TDLibKit in Frameworks */ = {isa = PBXBuildFile; productRef = DF9C5CC0292698BC00ED1CA8 /* TDLibKit */; };
		C40000000000000000000001 /* SwiftOGG in Frameworks */ = {isa = PBXBuildFile; productRef = 69151C5FAB054AB894A93455 /* SwiftOGG */; };
		DF9C5CC1292698BC00ED1CA8 /* TDLibKit in Frameworks */ = {isa = PBXBuildFile; productRef = DF9C5CC0292698BC00ED1CA8 /* TDLibKit */; };
/* End PBXBuildFile section */

/* Begin PBXContainerItemProxy section */
		B3000000000000000000000A /* PBXContainerItemProxy */ = {
			isa = PBXContainerItemProxy;
			containerPortal = DF4B997628C3F3F50087C1B9 /* Project object */;
			proxyType = 1;
			remoteGlobalIDString = DF4B997D28C3F3F50087C1B9;
			remoteInfo = BetterTG;
		};
/* End PBXContainerItemProxy section */

/* Begin PBXCopyFilesBuildPhase section */
		DF63538429B68F180054F0A0 /* Embed Foundation Extensions */ = {
			isa = PBXCopyFilesBuildPhase;
			buildActionMask = 2147483647;
			dstPath = "";
			dstSubfolderSpec = 13;
			files = (
			);
			name = "Embed Foundation Extensions";
			runOnlyForDeploymentPostprocessing = 0;
		};
		DFBB1D92290D6B8400CE7BB5 /* Embed Watch Content */ = {
			isa = PBXCopyFilesBuildPhase;
			buildActionMask = 2147483647;
			dstPath = "$(CONTENTS_FOLDER_PATH)/Watch";
			dstSubfolderSpec = 16;
			files = (
			);
			name = "Embed Watch Content";
			runOnlyForDeploymentPostprocessing = 0;
		};
		DFE2618629196FB300267815 /* Embed Frameworks */ = {
			isa = PBXCopyFilesBuildPhase;
			buildActionMask = 2147483647;
			dstPath = "";
			dstSubfolderSpec = 10;
			files = (
			);
			name = "Embed Frameworks";
			runOnlyForDeploymentPostprocessing = 0;
		};
/* End PBXCopyFilesBuildPhase section */

/* Begin PBXFileReference section */
		A10000000000000000000002 /* BetterTGMac.app */ = {isa = PBXFileReference; explicitFileType = wrapper.application; includeInIndex = 0; path = BetterTGMac.app; sourceTree = BUILT_PRODUCTS_DIR; };
		B30000000000000000000001 /* BetterTGTests.xctest */ = {isa = PBXFileReference; explicitFileType = wrapper.cfbundle; includeInIndex = 0; path = BetterTGTests.xctest; sourceTree = BUILT_PRODUCTS_DIR; };
		DF4B997E28C3F3F50087C1B9 /* BetterTG.app */ = {isa = PBXFileReference; explicitFileType = wrapper.application; includeInIndex = 0; path = BetterTG.app; sourceTree = BUILT_PRODUCTS_DIR; };
/* End PBXFileReference section */

/* Begin PBXFileSystemSynchronizedBuildFileExceptionSet section */
		DFD75B772D3DA0D8004E7CA6 /* PBXFileSystemSynchronizedBuildFileExceptionSet */ = {
			isa = PBXFileSystemSynchronizedBuildFileExceptionSet;
			membershipExceptions = (
				Info.plist,
			);
			target = DF4B997D28C3F3F50087C1B9 /* BetterTG */;
		};
/* End PBXFileSystemSynchronizedBuildFileExceptionSet section */

/* Begin PBXFileSystemSynchronizedRootGroup section */
		A10000000000000000000003 /* BetterTGMac */ = {isa = PBXFileSystemSynchronizedRootGroup; explicitFileTypes = {}; explicitFolders = (); path = BetterTGMac; sourceTree = "<group>"; };
		A20000000000000000000001 /* BetterTGShared */ = {isa = PBXFileSystemSynchronizedRootGroup; explicitFileTypes = {}; explicitFolders = (); path = BetterTGShared; sourceTree = "<group>"; };
		A20000000000000000000002 /* BetterTG/Secret */ = {isa = PBXFileSystemSynchronizedRootGroup; explicitFileTypes = {}; explicitFolders = (); path = BetterTG/Secret; sourceTree = "<group>"; };
		B30000000000000000000002 /* BetterTGTests */ = {isa = PBXFileSystemSynchronizedRootGroup; explicitFileTypes = {}; explicitFolders = (); path = BetterTGTests; sourceTree = "<group>"; };
		DFD75B1C2D3DA0D8004E7CA6 /* BetterTG */ = {isa = PBXFileSystemSynchronizedRootGroup; exceptions = (DFD75B772D3DA0D8004E7CA6 /* PBXFileSystemSynchronizedBuildFileExceptionSet */, ); explicitFileTypes = {}; explicitFolders = (); path = BetterTG; sourceTree = "<group>"; };
/* End PBXFileSystemSynchronizedRootGroup section */

/* Begin PBXFrameworksBuildPhase section */
		A10000000000000000000004 /* Frameworks */ = {
			isa = PBXFrameworksBuildPhase;
			buildActionMask = 2147483647;
			files = (
				A10000000000000000000001 /* TDLibKit in Frameworks */,
				C40000000000000000000001 /* SwiftOGG in Frameworks */,
			);
			runOnlyForDeploymentPostprocessing = 0;
		};
		B30000000000000000000005 /* Frameworks */ = {
			isa = PBXFrameworksBuildPhase;
			buildActionMask = 2147483647;
			files = (
				B3000000000000000000000C /* TDLibKit in Frameworks */,
			);
			runOnlyForDeploymentPostprocessing = 0;
		};
		DF4B997B28C3F3F50087C1B9 /* Frameworks */ = {
			isa = PBXFrameworksBuildPhase;
			buildActionMask = 2147483647;
			files = (
				DF9C5CC1292698BC00ED1CA8 /* TDLibKit in Frameworks */,
				29D283DD1F8E47DF90BEAF36 /* SwiftOGG in Frameworks */,
			);
			runOnlyForDeploymentPostprocessing = 0;
		};
/* End PBXFrameworksBuildPhase section */

/* Begin PBXGroup section */
		DF4B997528C3F3F50087C1B9 = {
			isa = PBXGroup;
			children = (
				DFD75B1C2D3DA0D8004E7CA6 /* BetterTG */,
				A10000000000000000000003 /* BetterTGMac */,
				A20000000000000000000001 /* BetterTGShared */,
				A20000000000000000000002 /* BetterTG/Secret */,
				B30000000000000000000002 /* BetterTGTests */,
				DF4B997F28C3F3F50087C1B9 /* Products */,
			);
			sourceTree = "<group>";
		};
		DF4B997F28C3F3F50087C1B9 /* Products */ = {
			isa = PBXGroup;
			children = (
				DF4B997E28C3F3F50087C1B9 /* BetterTG.app */,
				A10000000000000000000002 /* BetterTGMac.app */,
				B30000000000000000000001 /* BetterTGTests.xctest */,
			);
			name = Products;
			sourceTree = "<group>";
		};
/* End PBXGroup section */

/* Begin PBXNativeTarget section */
		A10000000000000000000005 /* BetterTGMac */ = {
			isa = PBXNativeTarget;
			buildConfigurationList = A1000000000000000000000A /* Build configuration list for PBXNativeTarget "BetterTGMac" */;
			buildPhases = (
				A10000000000000000000006 /* Sources */,
				A10000000000000000000004 /* Frameworks */,
				A10000000000000000000007 /* Resources */,
			);
			buildRules = (
			);
			dependencies = (
			);
			fileSystemSynchronizedGroups = (
				A10000000000000000000003 /* BetterTGMac */,
				A20000000000000000000001 /* BetterTGShared */,
				A20000000000000000000002 /* BetterTG/Secret */,
			);
			name = BetterTGMac;
			packageProductDependencies = (
				A1000000000000000000000B /* TDLibKit */,
				69151C5FAB054AB894A93455 /* SwiftOGG */,
			);
			productName = BetterTGMac;
			productReference = A10000000000000000000002 /* BetterTGMac.app */;
			productType = "com.apple.product-type.application";
		};
		B30000000000000000000003 /* BetterTGTests */ = {
			isa = PBXNativeTarget;
			buildConfigurationList = B30000000000000000000009 /* Build configuration list for PBXNativeTarget "BetterTGTests" */;
			buildPhases = (
				B30000000000000000000004 /* Sources */,
				B30000000000000000000005 /* Frameworks */,
				B30000000000000000000006 /* Resources */,
			);
			buildRules = (
			);
			dependencies = (
				B3000000000000000000000B /* PBXTargetDependency */,
			);
			fileSystemSynchronizedGroups = (
				B30000000000000000000002 /* BetterTGTests */,
			);
			name = BetterTGTests;
			packageProductDependencies = (
				DF9C5CC0292698BC00ED1CA8 /* TDLibKit */,
			);
			productName = BetterTGTests;
			productReference = B30000000000000000000001 /* BetterTGTests.xctest */;
			productType = "com.apple.product-type.bundle.unit-test";
		};
		DF4B997D28C3F3F50087C1B9 /* BetterTG */ = {
			isa = PBXNativeTarget;
			buildConfigurationList = DF4B998C28C3F3F60087C1B9 /* Build configuration list for PBXNativeTarget "BetterTG" */;
			buildPhases = (
				DF4B997A28C3F3F50087C1B9 /* Sources */,
				DFB18A412F0D3A9A00A1B2C3 /* SwiftFormat */,
				DF4B997B28C3F3F50087C1B9 /* Frameworks */,
				DF4B997C28C3F3F50087C1B9 /* Resources */,
				DFBB1D92290D6B8400CE7BB5 /* Embed Watch Content */,
				DFE2618629196FB300267815 /* Embed Frameworks */,
				DF63538429B68F180054F0A0 /* Embed Foundation Extensions */,
			);
			buildRules = (
			);
			dependencies = (
			);
			fileSystemSynchronizedGroups = (
				A20000000000000000000001 /* BetterTGShared */,
				DFD75B1C2D3DA0D8004E7CA6 /* BetterTG */,
			);
			name = BetterTG;
			packageProductDependencies = (
				DF9C5CC0292698BC00ED1CA8 /* TDLibKit */,
				69151C5FAB054AB894A93455 /* SwiftOGG */,
			);
			productName = BetterTG;
			productReference = DF4B997E28C3F3F50087C1B9 /* BetterTG.app */;
			productType = "com.apple.product-type.application";
		};
/* End PBXNativeTarget section */

/* Begin PBXProject section */
		DF4B997628C3F3F50087C1B9 /* Project object */ = {
			isa = PBXProject;
			attributes = {
				BuildIndependentTargetsInParallel = 1;
				LastSwiftUpdateCheck = 1430;
				LastUpgradeCheck = 2660;
				TargetAttributes = {
					A10000000000000000000005 = {
						CreatedOnToolsVersion = 26.0;
						SystemCapabilities = {
							com.apple.Push = {
								enabled = 1;
							};
						};
					};
					B30000000000000000000003 = {
						CreatedOnToolsVersion = 26.0;
						TestTargetID = DF4B997D28C3F3F50087C1B9;
					};
					DF4B997D28C3F3F50087C1B9 = {
						CreatedOnToolsVersion = 14.0;
					};
				};
			};
			buildConfigurationList = DF4B997928C3F3F50087C1B9 /* Build configuration list for PBXProject "BetterTG" */;
			compatibilityVersion = "Xcode 13.0";
			developmentRegion = en;
			hasScannedForEncodings = 0;
			knownRegions = (
				en,
				Base,
			);
			mainGroup = DF4B997528C3F3F50087C1B9;
			packageReferences = (
				DF820B6E28D787AD007DD293 /* XCRemoteSwiftPackageReference "swift-argument-parser" */,
				DF9C5CBF292698BC00ED1CA8 /* XCRemoteSwiftPackageReference "TDLibKit" */,
				A6E7805221DFB1D743A23E6D /* XCRemoteSwiftPackageReference "swift-ogg" */,
			);
			productRefGroup = DF4B997F28C3F3F50087C1B9 /* Products */;
			projectDirPath = "";
			projectRoot = "";
			targets = (
				DF4B997D28C3F3F50087C1B9 /* BetterTG */,
				A10000000000000000000005 /* BetterTGMac */,
				B30000000000000000000003 /* BetterTGTests */,
			);
		};
/* End PBXProject section */

/* Begin PBXResourcesBuildPhase section */
		A10000000000000000000007 /* Resources */ = {
			isa = PBXResourcesBuildPhase;
			buildActionMask = 2147483647;
			files = (
			);
			runOnlyForDeploymentPostprocessing = 0;
		};
		B30000000000000000000006 /* Resources */ = {
			isa = PBXResourcesBuildPhase;
			buildActionMask = 2147483647;
			files = (
			);
			runOnlyForDeploymentPostprocessing = 0;
		};
		DF4B997C28C3F3F50087C1B9 /* Resources */ = {
			isa = PBXResourcesBuildPhase;
			buildActionMask = 2147483647;
			files = (
			);
			runOnlyForDeploymentPostprocessing = 0;
		};
/* End PBXResourcesBuildPhase section */

/* Begin PBXShellScriptBuildPhase section */
		DFB18A412F0D3A9A00A1B2C3 /* SwiftFormat */ = {
			isa = PBXShellScriptBuildPhase;
			alwaysOutOfDate = 1;
			buildActionMask = 2147483647;
			files = (
			);
			inputFileListPaths = (
			);
			inputPaths = (
			);
			name = SwiftFormat;
			outputFileListPaths = (
			);
			outputPaths = (
			);
			runOnlyForDeploymentPostprocessing = 0;
			shellPath = /bin/sh;
			shellScript = "if [ -x /opt/homebrew/bin/swiftformat ]; then\n  /opt/homebrew/bin/swiftformat \"$SRCROOT\" --config \"$SRCROOT/.swiftformat\" --lint --lenient\nelse\n  echo \"warning: SwiftFormat not installed. Install from https://github.com/nicklockwood/SwiftFormat (Homebrew: brew install swiftformat)\"\nfi\n";
		};
/* End PBXShellScriptBuildPhase section */

/* Begin PBXSourcesBuildPhase section */
		A10000000000000000000006 /* Sources */ = {
			isa = PBXSourcesBuildPhase;
			buildActionMask = 2147483647;
			files = (
			);
			runOnlyForDeploymentPostprocessing = 0;
		};
		B30000000000000000000004 /* Sources */ = {
			isa = PBXSourcesBuildPhase;
			buildActionMask = 2147483647;
			files = (
			);
			runOnlyForDeploymentPostprocessing = 0;
		};
		DF4B997A28C3F3F50087C1B9 /* Sources */ = {
			isa = PBXSourcesBuildPhase;
			buildActionMask = 2147483647;
			files = (
			);
			runOnlyForDeploymentPostprocessing = 0;
		};
/* End PBXSourcesBuildPhase section */

/* Begin PBXTargetDependency section */
		B3000000000000000000000B /* PBXTargetDependency */ = {
			isa = PBXTargetDependency;
			target = DF4B997D28C3F3F50087C1B9 /* BetterTG */;
			targetProxy = B3000000000000000000000A /* PBXContainerItemProxy */;
		};
/* End PBXTargetDependency section */

/* Begin XCBuildConfiguration section */
		A10000000000000000000008 /* Debug */ = {
			isa = XCBuildConfiguration;
			buildSettings = {
				APS_ENVIRONMENT = development;
				CODE_SIGN_ENTITLEMENTS = BetterTGMac/BetterTGMac.entitlements;
				CODE_SIGN_STYLE = Automatic;
				CURRENT_PROJECT_VERSION = 1;
				DEVELOPMENT_TEAM = Y7J75349M6;
				ENABLE_HARDENED_RUNTIME = YES;
				GENERATE_INFOPLIST_FILE = YES;
				INFOPLIST_KEY_CFBundleDisplayName = BetterTG;
				INFOPLIST_KEY_NSMicrophoneUsageDescription = "BetterTG uses the microphone to record and send voice messages.";
				LD_RUNPATH_SEARCH_PATHS = (
					"$(inherited)",
					"@executable_path/../Frameworks",
				);
				MACOSX_DEPLOYMENT_TARGET = 15.0;
				MARKETING_VERSION = 1.0;
				PRODUCT_BUNDLE_IDENTIFIER = com.gruiachiscop.BetterTG;
				PRODUCT_NAME = "$(TARGET_NAME)";
				SDKROOT = macosx;
				SWIFT_ACTIVE_COMPILATION_CONDITIONS = "DEBUG $(inherited)";
				SWIFT_OPTIMIZATION_LEVEL = "-Onone";
				SWIFT_VERSION = 5.0;
			};
			name = Debug;
		};
		A10000000000000000000009 /* Release */ = {
			isa = XCBuildConfiguration;
			buildSettings = {
				APS_ENVIRONMENT = production;
				CODE_SIGN_ENTITLEMENTS = BetterTGMac/BetterTGMac.entitlements;
				CODE_SIGN_STYLE = Automatic;
				CURRENT_PROJECT_VERSION = 1;
				DEVELOPMENT_TEAM = Y7J75349M6;
				ENABLE_HARDENED_RUNTIME = YES;
				GENERATE_INFOPLIST_FILE = YES;
				INFOPLIST_KEY_CFBundleDisplayName = BetterTG;
				INFOPLIST_KEY_NSMicrophoneUsageDescription = "BetterTG uses the microphone to record and send voice messages.";
				LD_RUNPATH_SEARCH_PATHS = (
					"$(inherited)",
					"@executable_path/../Frameworks",
				);
				MACOSX_DEPLOYMENT_TARGET = 15.0;
				MARKETING_VERSION = 1.0;
				PRODUCT_BUNDLE_IDENTIFIER = com.gruiachiscop.BetterTG;
				PRODUCT_NAME = "$(TARGET_NAME)";
				SDKROOT = macosx;
				SWIFT_COMPILATION_MODE = wholemodule;
				SWIFT_OPTIMIZATION_LEVEL = "-O";
				SWIFT_VERSION = 5.0;
			};
			name = Release;
		};
		B30000000000000000000007 /* Debug */ = {
			isa = XCBuildConfiguration;
			buildSettings = {
				BUNDLE_LOADER = "$(TEST_HOST)";
				CODE_SIGN_STYLE = Automatic;
				CURRENT_PROJECT_VERSION = 1;
				DEVELOPMENT_TEAM = Y7J75349M6;
				GENERATE_INFOPLIST_FILE = YES;
				IPHONEOS_DEPLOYMENT_TARGET = 26.0;
				MARKETING_VERSION = 1.0;
				PRODUCT_BUNDLE_IDENTIFIER = com.gruiachiscop.BetterTGTests;
				PRODUCT_NAME = "$(TARGET_NAME)";
				SDKROOT = iphoneos;
				SWIFT_ACTIVE_COMPILATION_CONDITIONS = "DEBUG $(inherited)";
				SWIFT_OPTIMIZATION_LEVEL = "-Onone";
				SWIFT_VERSION = 5.0;
				TARGETED_DEVICE_FAMILY = 1;
				TEST_HOST = "$(BUILT_PRODUCTS_DIR)/BetterTG.app/$(BUNDLE_EXECUTABLE_FOLDER_PATH)/BetterTG";
			};
			name = Debug;
		};
		B30000000000000000000008 /* Release */ = {
			isa = XCBuildConfiguration;
			buildSettings = {
				BUNDLE_LOADER = "$(TEST_HOST)";
				CODE_SIGN_STYLE = Automatic;
				CURRENT_PROJECT_VERSION = 1;
				DEVELOPMENT_TEAM = Y7J75349M6;
				GENERATE_INFOPLIST_FILE = YES;
				IPHONEOS_DEPLOYMENT_TARGET = 26.0;
				MARKETING_VERSION = 1.0;
				PRODUCT_BUNDLE_IDENTIFIER = com.gruiachiscop.BetterTGTests;
				PRODUCT_NAME = "$(TARGET_NAME)";
				SDKROOT = iphoneos;
				SWIFT_VERSION = 5.0;
				TARGETED_DEVICE_FAMILY = 1;
				TEST_HOST = "$(BUILT_PRODUCTS_DIR)/BetterTG.app/$(BUNDLE_EXECUTABLE_FOLDER_PATH)/BetterTG";
			};
			name = Release;
		};
		DF4B998A28C3F3F60087C1B9 /* Debug */ = {
			isa = XCBuildConfiguration;
			buildSettings = {
				ALWAYS_SEARCH_USER_PATHS = NO;
				ASSETCATALOG_COMPILER_GENERATE_SWIFT_ASSET_SYMBOL_EXTENSIONS = YES;
				CLANG_ANALYZER_NONNULL = YES;
				CLANG_ANALYZER_NUMBER_OBJECT_CONVERSION = YES_AGGRESSIVE;
				CLANG_CXX_LANGUAGE_STANDARD = "gnu++20";
				CLANG_ENABLE_MODULES = YES;
				CLANG_ENABLE_OBJC_ARC = YES;
				CLANG_ENABLE_OBJC_WEAK = YES;
				CLANG_WARN_BLOCK_CAPTURE_AUTORELEASING = YES;
				CLANG_WARN_BOOL_CONVERSION = YES;
				CLANG_WARN_COMMA = YES;
				CLANG_WARN_CONSTANT_CONVERSION = YES;
				CLANG_WARN_DEPRECATED_OBJC_IMPLEMENTATIONS = YES;
				CLANG_WARN_DIRECT_OBJC_ISA_USAGE = YES_ERROR;
				CLANG_WARN_DOCUMENTATION_COMMENTS = YES;
				CLANG_WARN_EMPTY_BODY = YES;
				CLANG_WARN_ENUM_CONVERSION = YES;
				CLANG_WARN_INFINITE_RECURSION = YES;
				CLANG_WARN_INT_CONVERSION = YES;
				CLANG_WARN_NON_LITERAL_NULL_CONVERSION = YES;
				CLANG_WARN_OBJC_IMPLICIT_RETAIN_SELF = YES;
				CLANG_WARN_OBJC_LITERAL_CONVERSION = YES;
				CLANG_WARN_OBJC_ROOT_CLASS = YES_ERROR;
				CLANG_WARN_QUOTED_INCLUDE_IN_FRAMEWORK_HEADER = YES;
				CLANG_WARN_RANGE_LOOP_ANALYSIS = YES;
				CLANG_WARN_STRICT_PROTOTYPES = YES;
				CLANG_WARN_SUSPICIOUS_MOVE = YES;
				CLANG_WARN_UNGUARDED_AVAILABILITY = YES_AGGRESSIVE;
				CLANG_WARN_UNREACHABLE_CODE = YES;
				CLANG_WARN__DUPLICATE_METHOD_MATCH = YES;
				CODE_SIGN_IDENTITY = "Apple Development";
				COPY_PHASE_STRIP = NO;
				DEBUG_INFORMATION_FORMAT = dwarf;
				DEVELOPMENT_TEAM = 7Z2WHPKU8W;
				ENABLE_STRICT_OBJC_MSGSEND = YES;
				ENABLE_TESTABILITY = YES;
				ENABLE_USER_SCRIPT_SANDBOXING = NO;
				GCC_C_LANGUAGE_STANDARD = gnu11;
				GCC_DYNAMIC_NO_PIC = NO;
				GCC_NO_COMMON_BLOCKS = YES;
				GCC_OPTIMIZATION_LEVEL = 0;
				GCC_PREPROCESSOR_DEFINITIONS = (
					"DEBUG=1",
					"$(inherited)",
				);
				GCC_WARN_64_TO_32_BIT_CONVERSION = YES;
				GCC_WARN_ABOUT_RETURN_TYPE = YES_ERROR;
				GCC_WARN_UNDECLARED_SELECTOR = YES;
				GCC_WARN_UNINITIALIZED_AUTOS = YES_AGGRESSIVE;
				GCC_WARN_UNUSED_FUNCTION = YES;
				GCC_WARN_UNUSED_VARIABLE = YES;
				IPHONEOS_DEPLOYMENT_TARGET = 17.0;
				MTL_ENABLE_DEBUG_INFO = INCLUDE_SOURCE;
				MTL_FAST_MATH = YES;
				ONLY_ACTIVE_ARCH = YES;
				SDKROOT = iphoneos;
				STRING_CATALOG_GENERATE_SYMBOLS = YES;
				SWIFT_ACTIVE_COMPILATION_CONDITIONS = DEBUG;
				SWIFT_OPTIMIZATION_LEVEL = "-Onone";
				WATCHOS_DEPLOYMENT_TARGET = 9.0;
			};
			name = Debug;
		};
		DF4B998B28C3F3F60087C1B9 /* Release */ = {
			isa = XCBuildConfiguration;
			buildSettings = {
				ALWAYS_SEARCH_USER_PATHS = NO;
				ASSETCATALOG_COMPILER_GENERATE_SWIFT_ASSET_SYMBOL_EXTENSIONS = YES;
				CLANG_ANALYZER_NONNULL = YES;
				CLANG_ANALYZER_NUMBER_OBJECT_CONVERSION = YES_AGGRESSIVE;
				CLANG_CXX_LANGUAGE_STANDARD = "gnu++20";
				CLANG_ENABLE_MODULES = YES;
				CLANG_ENABLE_OBJC_ARC = YES;
				CLANG_ENABLE_OBJC_WEAK = YES;
				CLANG_WARN_BLOCK_CAPTURE_AUTORELEASING = YES;
				CLANG_WARN_BOOL_CONVERSION = YES;
				CLANG_WARN_COMMA = YES;
				CLANG_WARN_CONSTANT_CONVERSION = YES;
				CLANG_WARN_DEPRECATED_OBJC_IMPLEMENTATIONS = YES;
				CLANG_WARN_DIRECT_OBJC_ISA_USAGE = YES_ERROR;
				CLANG_WARN_DOCUMENTATION_COMMENTS = YES;
				CLANG_WARN_EMPTY_BODY = YES;
				CLANG_WARN_ENUM_CONVERSION = YES;
				CLANG_WARN_INFINITE_RECURSION = YES;
				CLANG_WARN_INT_CONVERSION = YES;
				CLANG_WARN_NON_LITERAL_NULL_CONVERSION = YES;
				CLANG_WARN_OBJC_IMPLICIT_RETAIN_SELF = YES;
				CLANG_WARN_OBJC_LITERAL_CONVERSION = YES;
				CLANG_WARN_OBJC_ROOT_CLASS = YES_ERROR;
				CLANG_WARN_QUOTED_INCLUDE_IN_FRAMEWORK_HEADER = YES;
				CLANG_WARN_RANGE_LOOP_ANALYSIS = YES;
				CLANG_WARN_STRICT_PROTOTYPES = YES;
				CLANG_WARN_SUSPICIOUS_MOVE = YES;
				CLANG_WARN_UNGUARDED_AVAILABILITY = YES_AGGRESSIVE;
				CLANG_WARN_UNREACHABLE_CODE = YES;
				CLANG_WARN__DUPLICATE_METHOD_MATCH = YES;
				CODE_SIGN_IDENTITY = "Apple Development";
				COPY_PHASE_STRIP = NO;
				DEBUG_INFORMATION_FORMAT = "dwarf-with-dsym";
				DEVELOPMENT_TEAM = 7Z2WHPKU8W;
				ENABLE_NS_ASSERTIONS = NO;
				ENABLE_STRICT_OBJC_MSGSEND = YES;
				ENABLE_USER_SCRIPT_SANDBOXING = NO;
				GCC_C_LANGUAGE_STANDARD = gnu11;
				GCC_NO_COMMON_BLOCKS = YES;
				GCC_WARN_64_TO_32_BIT_CONVERSION = YES;
				GCC_WARN_ABOUT_RETURN_TYPE = YES_ERROR;
				GCC_WARN_UNDECLARED_SELECTOR = YES;
				GCC_WARN_UNINITIALIZED_AUTOS = YES_AGGRESSIVE;
				GCC_WARN_UNUSED_FUNCTION = YES;
				GCC_WARN_UNUSED_VARIABLE = YES;
				IPHONEOS_DEPLOYMENT_TARGET = 17.0;
				MTL_ENABLE_DEBUG_INFO = NO;
				MTL_FAST_MATH = YES;
				SDKROOT = iphoneos;
				STRING_CATALOG_GENERATE_SYMBOLS = YES;
				SWIFT_COMPILATION_MODE = wholemodule;
				SWIFT_OPTIMIZATION_LEVEL = "-O";
				VALIDATE_PRODUCT = YES;
				WATCHOS_DEPLOYMENT_TARGET = 9.0;
			};
			name = Release;
		};
		DF4B998D28C3F3F60087C1B9 /* Debug */ = {
			isa = XCBuildConfiguration;
			buildSettings = {
				APS_ENVIRONMENT = development;
				ASSETCATALOG_COMPILER_APPICON_NAME = AppIcon;
				ASSETCATALOG_COMPILER_GLOBAL_ACCENT_COLOR_NAME = AccentColor;
				CODE_SIGN_ENTITLEMENTS = BetterTG/BetterTG.entitlements;
				CODE_SIGN_IDENTITY = "Apple Development";
				CODE_SIGN_STYLE = Automatic;
				CURRENT_PROJECT_VERSION = 1;
				DEVELOPMENT_ASSET_PATHS = "\"BetterTG/Preview Assets.xcassets\"";
				DEVELOPMENT_TEAM = Y7J75349M6;
				ENABLE_PREVIEWS = YES;
				GENERATE_INFOPLIST_FILE = YES;
				INFOPLIST_FILE = BetterTG/Info.plist;
				INFOPLIST_KEY_CFBundleDisplayName = BetterTG;
				INFOPLIST_KEY_LSApplicationCategoryType = "public.app-category.social-networking";
				INFOPLIST_KEY_NSCameraUsageDescription = "We would like to access your Camera to let you send photos in chats.";
				INFOPLIST_KEY_NSContactsUsageDescription = "We would like to access your contacts to help you connect with people you know on Telegram.";
				INFOPLIST_KEY_NSMicrophoneUsageDescription = "We would like to access your Microphone to let you send Voice messages in chats.";
				INFOPLIST_KEY_NSPhotoLibraryAddUsageDescription = "We would like to access Photos to save images you request.";
				INFOPLIST_KEY_NSPhotoLibraryUsageDescription = "We would like to access your Photos to let you send them in chats.";
				INFOPLIST_KEY_NSSupportsLiveActivities = YES;
				INFOPLIST_KEY_UIApplicationSceneManifest_Generation = YES;
				INFOPLIST_KEY_UIApplicationSupportsIndirectInputEvents = YES;
				INFOPLIST_KEY_UIStatusBarHidden = YES;
				INFOPLIST_KEY_UIStatusBarStyle = UIStatusBarStyleLightContent;
				INFOPLIST_KEY_UISupportedInterfaceOrientations = UIInterfaceOrientationPortrait;
				INFOPLIST_KEY_UISupportedInterfaceOrientations_iPad = "UIInterfaceOrientationLandscapeLeft UIInterfaceOrientationLandscapeRight UIInterfaceOrientationPortrait UIInterfaceOrientationPortraitUpsideDown";
				INFOPLIST_KEY_UIUserInterfaceStyle = Dark;
				IPHONEOS_DEPLOYMENT_TARGET = 26.0;
				LD_RUNPATH_SEARCH_PATHS = (
					"$(inherited)",
					"@executable_path/Frameworks",
				);
				MARKETING_VERSION = 4;
				OTHER_LDFLAGS = "";
				PRODUCT_BUNDLE_IDENTIFIER = com.gruiachiscop.BetterTG;
				PRODUCT_NAME = "$(TARGET_NAME)";
				PROVISIONING_PROFILE_SPECIFIER = "";
				SUPPORTED_PLATFORMS = "iphoneos iphonesimulator";
				SUPPORTS_MACCATALYST = NO;
				SUPPORTS_MAC_DESIGNED_FOR_IPHONE_IPAD = NO;
				SUPPORTS_XR_DESIGNED_FOR_IPHONE_IPAD = NO;
				SWIFT_EMIT_LOC_STRINGS = YES;
				SWIFT_OPTIMIZATION_LEVEL = "-Onone";
				SWIFT_USE_INTEGRATED_DRIVER = NO;
				SWIFT_VERSION = 5.0;
				TARGETED_DEVICE_FAMILY = 1;
			};
			name = Debug;
		};
		DF4B998E28C3F3F60087C1B9 /* Release */ = {
			isa = XCBuildConfiguration;
			buildSettings = {
				APS_ENVIRONMENT = production;
				ASSETCATALOG_COMPILER_APPICON_NAME = AppIcon;
				ASSETCATALOG_COMPILER_GLOBAL_ACCENT_COLOR_NAME = AccentColor;
				CODE_SIGN_ENTITLEMENTS = BetterTG/BetterTG.entitlements;
				CODE_SIGN_IDENTITY = "Apple Development";
				CODE_SIGN_STYLE = Automatic;
				CURRENT_PROJECT_VERSION = 1;
				DEVELOPMENT_ASSET_PATHS = "\"BetterTG/Preview Assets.xcassets\"";
				DEVELOPMENT_TEAM = Y7J75349M6;
				ENABLE_PREVIEWS = YES;
				GENERATE_INFOPLIST_FILE = YES;
				INFOPLIST_FILE = BetterTG/Info.plist;
				INFOPLIST_KEY_CFBundleDisplayName = BetterTG;
				INFOPLIST_KEY_LSApplicationCategoryType = "public.app-category.social-networking";
				INFOPLIST_KEY_NSCameraUsageDescription = "We would like to access your Camera to let you send photos in chats.";
				INFOPLIST_KEY_NSContactsUsageDescription = "We would like to access your contacts to help you connect with people you know on Telegram.";
				INFOPLIST_KEY_NSMicrophoneUsageDescription = "We would like to access your Microphone to let you send Voice messages in chats.";
				INFOPLIST_KEY_NSPhotoLibraryAddUsageDescription = "We would like to access Photos to save images you request.";
				INFOPLIST_KEY_NSPhotoLibraryUsageDescription = "We would like to access your Photos to let you send them in chats.";
				INFOPLIST_KEY_NSSupportsLiveActivities = YES;
				INFOPLIST_KEY_UIApplicationSceneManifest_Generation = YES;
				INFOPLIST_KEY_UIApplicationSupportsIndirectInputEvents = YES;
				INFOPLIST_KEY_UIStatusBarHidden = YES;
				INFOPLIST_KEY_UIStatusBarStyle = UIStatusBarStyleLightContent;
				INFOPLIST_KEY_UISupportedInterfaceOrientations = UIInterfaceOrientationPortrait;
				INFOPLIST_KEY_UISupportedInterfaceOrientations_iPad = "UIInterfaceOrientationLandscapeLeft UIInterfaceOrientationLandscapeRight UIInterfaceOrientationPortrait UIInterfaceOrientationPortraitUpsideDown";
				INFOPLIST_KEY_UIUserInterfaceStyle = Dark;
				IPHONEOS_DEPLOYMENT_TARGET = 26.0;
				LD_RUNPATH_SEARCH_PATHS = (
					"$(inherited)",
					"@executable_path/Frameworks",
				);
				MARKETING_VERSION = 4;
				OTHER_LDFLAGS = "";
				PRODUCT_BUNDLE_IDENTIFIER = com.gruiachiscop.BetterTG;
				PRODUCT_NAME = "$(TARGET_NAME)";
				PROVISIONING_PROFILE_SPECIFIER = "";
				SUPPORTED_PLATFORMS = "iphoneos iphonesimulator";
				SUPPORTS_MACCATALYST = NO;
				SUPPORTS_MAC_DESIGNED_FOR_IPHONE_IPAD = NO;
				SUPPORTS_XR_DESIGNED_FOR_IPHONE_IPAD = NO;
				SWIFT_EMIT_LOC_STRINGS = YES;
				SWIFT_USE_INTEGRATED_DRIVER = NO;
				SWIFT_VERSION = 5.0;
				TARGETED_DEVICE_FAMILY = 1;
			};
			name = Release;
		};
/* End XCBuildConfiguration section */

/* Begin XCConfigurationList section */
		A1000000000000000000000A /* Build configuration list for PBXNativeTarget "BetterTGMac" */ = {
			isa = XCConfigurationList;
			buildConfigurations = (
				A10000000000000000000008 /* Debug */,
				A10000000000000000000009 /* Release */,
			);
			defaultConfigurationIsVisible = 0;
			defaultConfigurationName = Release;
		};
		B30000000000000000000009 /* Build configuration list for PBXNativeTarget "BetterTGTests" */ = {
			isa = XCConfigurationList;
			buildConfigurations = (
				B30000000000000000000007 /* Debug */,
				B30000000000000000000008 /* Release */,
			);
			defaultConfigurationIsVisible = 0;
			defaultConfigurationName = Release;
		};
		DF4B997928C3F3F50087C1B9 /* Build configuration list for PBXProject "BetterTG" */ = {
			isa = XCConfigurationList;
			buildConfigurations = (
				DF4B998A28C3F3F60087C1B9 /* Debug */,
				DF4B998B28C3F3F60087C1B9 /* Release */,
			);
			defaultConfigurationIsVisible = 0;
			defaultConfigurationName = Release;
		};
		DF4B998C28C3F3F60087C1B9 /* Build configuration list for PBXNativeTarget "BetterTG" */ = {
			isa = XCConfigurationList;
			buildConfigurations = (
				DF4B998D28C3F3F60087C1B9 /* Debug */,
				DF4B998E28C3F3F60087C1B9 /* Release */,
			);
			defaultConfigurationIsVisible = 0;
			defaultConfigurationName = Release;
		};
/* End XCConfigurationList section */

/* Begin XCRemoteSwiftPackageReference section */
		A6E7805221DFB1D743A23E6D /* XCRemoteSwiftPackageReference "swift-ogg" */ = {
			isa = XCRemoteSwiftPackageReference;
			repositoryURL = "https://github.com/element-hq/swift-ogg";
			requirement = {
				kind = upToNextMajorVersion;
				minimumVersion = 0.0.4;
			};
		};
		DF820B6E28D787AD007DD293 /* XCRemoteSwiftPackageReference "swift-argument-parser" */ = {
			isa = XCRemoteSwiftPackageReference;
			repositoryURL = "https://github.com/apple/swift-argument-parser.git";
			requirement = {
				branch = main;
				kind = branch;
			};
		};
		DF9C5CBF292698BC00ED1CA8 /* XCRemoteSwiftPackageReference "TDLibKit" */ = {
			isa = XCRemoteSwiftPackageReference;
			repositoryURL = "https://github.com/Swiftgram/TDLibKit";
			requirement = {
				branch = main;
				kind = branch;
			};
		};
/* End XCRemoteSwiftPackageReference section */

/* Begin XCSwiftPackageProductDependency section */
		69151C5FAB054AB894A93455 /* SwiftOGG */ = {
			isa = XCSwiftPackageProductDependency;
			package = A6E7805221DFB1D743A23E6D /* XCRemoteSwiftPackageReference "swift-ogg" */;
			productName = SwiftOGG;
		};
		A1000000000000000000000B /* TDLibKit */ = {
			isa = XCSwiftPackageProductDependency;
			package = DF9C5CBF292698BC00ED1CA8 /* XCRemoteSwiftPackageReference "TDLibKit" */;
			productName = TDLibKit;
		};
		DF9C5CC0292698BC00ED1CA8 /* TDLibKit */ = {
			isa = XCSwiftPackageProductDependency;
			package = DF9C5CBF292698BC00ED1CA8 /* XCRemoteSwiftPackageReference "TDLibKit" */;
			productName = TDLibKit;
		};
/* End XCSwiftPackageProductDependency section */
	};
	rootObject = DF4B997628C3F3F50087C1B9 /* Project object */;
}
